
Microsoft Visual Studio Solution File, Format Version 12.00
# Visual Studio Version 17
VisualStudioVersion = 17.9.34607.119
MinimumVisualStudioVersion = 10.0.40219.1
Project("{9A19103F-16F7-4668-BE54-9A1E7A4F7556}") = "UnityAsset.NET", "UnityAsset.NET\UnityAsset.NET.csproj", "{B83CD1B5-07A2-4DB7-92C2-AD1D692945DE}"
EndProject
Project("{FAE04EC0-301F-11D3-BF4B-00C04F79EFBC}") = "UnityAsset.NET.UnityTypeGen", "UnityAsset.NET.UnityTypeGen\UnityAsset.NET.UnityTypeGen.csproj", "{2EAB6868-3F49-47E0-A157-14C5B61B8BC7}"
EndProject
Project("{FAE04EC0-301F-11D3-BF4B-00C04F79EFBC}") = "UnityAsset.NET.TypeTreeHelper", "UnityAsset.NET.TypeTreeHelper\UnityAsset.NET.TypeTreeHelper.csproj", "{C926451A-B305-4EA7-A73F-C1182E7A06FB}"
EndProject
Global
	GlobalSection(SolutionConfigurationPlatforms) = preSolution
		Debug|Any CPU = Debug|Any CPU
		Release|Any CPU = Release|Any CPU
	EndGlobalSection
	GlobalSection(ProjectConfigurationPlatforms) = postSolution
		{B83CD1B5-07A2-4DB7-92C2-AD1D692945DE}.Debug|Any CPU.ActiveCfg = Debug|Any CPU
		{B83CD1B5-07A2-4DB7-92C2-AD1D692945DE}.Debug|Any CPU.Build.0 = Debug|Any CPU
		{B83CD1B5-07A2-4DB7-92C2-AD1D692945DE}.Release|Any CPU.ActiveCfg = Release|Any CPU
		{B83CD1B5-07A2-4DB7-92C2-AD1D692945DE}.Release|Any CPU.Build.0 = Release|Any CPU
		{2EAB6868-3F49-47E0-A157-14C5B61B8BC7}.Debug|Any CPU.ActiveCfg = Debug|Any CPU
		{2EAB6868-3F49-47E0-A157-14C5B61B8BC7}.Debug|Any CPU.Build.0 = Debug|Any CPU
		{2EAB6868-3F49-47E0-A157-14C5B61B8BC7}.Release|Any CPU.ActiveCfg = Release|Any CPU
		{2EAB6868-3F49-47E0-A157-14C5B61B8BC7}.Release|Any CPU.Build.0 = Release|Any CPU
		{C926451A-B305-4EA7-A73F-C1182E7A06FB}.Debug|Any CPU.ActiveCfg = Debug|Any CPU
		{C926451A-B305-4EA7-A73F-C1182E7A06FB}.Debug|Any CPU.Build.0 = Debug|Any CPU
		{C926451A-B305-4EA7-A73F-C1182E7A06FB}.Release|Any CPU.ActiveCfg = Release|Any CPU
		{C926451A-B305-4EA7-A73F-C1182E7A06FB}.Release|Any CPU.Build.0 = Release|Any CPU
	EndGlobalSection
	GlobalSection(SolutionProperties) = preSolution
		HideSolutionNode = FALSE
	EndGlobalSection
EndGlobal
