
Microsoft Visual Studio Solution File, Format Version 12.00
Project("{FAE04EC0-301F-11D3-BF4B-00C04F79EFBC}") = "UnityAsset.NET", "UnityAsset.NET\UnityAsset.NET.csproj", "{B83CD1B5-07A2-4DB7-92C2-AD1D692945DE}"
EndProject
Project("{FAE04EC0-301F-11D3-BF4B-00C04F79EFBC}") = "Test", "Test\Test.csproj", "{3B0C7B83-05AC-41A2-BFD2-9B7CDD4547EA}"
EndProject
Global
	GlobalSection(SolutionConfigurationPlatforms) = preSolution
		Debug|Any CPU = Debug|Any CPU
		Release|Any CPU = Release|Any CPU
	EndGlobalSection
	GlobalSection(ProjectConfigurationPlatforms) = postSolution
		{B83CD1B5-07A2-4DB7-92C2-AD1D692945DE}.Debug|Any CPU.ActiveCfg = Debug|Any CPU
		{B83CD1B5-07A2-4DB7-92C2-AD1D692945DE}.Debug|Any CPU.Build.0 = Debug|Any CPU
		{B83CD1B5-07A2-4DB7-92C2-AD1D692945DE}.Release|Any CPU.ActiveCfg = Release|Any CPU
		{B83CD1B5-07A2-4DB7-92C2-AD1D692945DE}.Release|Any CPU.Build.0 = Release|Any CPU
		{3B0C7B83-05AC-41A2-BFD2-9B7CDD4547EA}.Debug|Any CPU.ActiveCfg = Debug|Any CPU
		{3B0C7B83-05AC-41A2-BFD2-9B7CDD4547EA}.Debug|Any CPU.Build.0 = Debug|Any CPU
		{3B0C7B83-05AC-41A2-BFD2-9B7CDD4547EA}.Release|Any CPU.ActiveCfg = Release|Any CPU
		{3B0C7B83-05AC-41A2-BFD2-9B7CDD4547EA}.Release|Any CPU.Build.0 = Release|Any CPU
	EndGlobalSection
EndGlobal
